github.com/YngviWarrior/bybit-sdk v0.0.0-20250426014805-dc35d1ba313e h1:Zphk1kPTDdJwVSnIwdHIh1oSGASpnbiod/5ODpG6a0g=
github.com/YngviWarrior/bybit-sdk v0.0.0-20250426014805-dc35d1ba313e/go.mod h1:JOGOKhxctVjr1SE/3Pn+kXcXrEqbddkf3an7PYWw49s=
github.com/YngviWarrior/bybit-sdk v0.0.0-20250501020852-9c24fd485e55 h1:Z49Xx/hm9Pb/q5nqx92BlMB80jJyroRGlI1jdtDiUYg=
github.com/YngviWarrior/bybit-sdk v0.0.0-20250501020852-9c24fd485e55/go.mod h1:JOGOKhxctVjr1SE/3Pn+kXcXrEqbddkf3an7PYWw49s=
github.com/YngviWarrior/bybit-sdk v0.0.0-20250501135052-2d96e1c9e024 h1:1UQSbFyIdQeu7haDGAEHJnqg6HiVZ3Hmad9MHT4WcZ4=
github.com/YngviWarrior/bybit-sdk v0.0.0-20250501135052-2d96e1c9e024/go.mod h1:JOGOKhxctVjr1SE/3Pn+kXcXrEqbddkf3an7PYWw49s=
github.com/YngviWarrior/bybit-sdk v0.0.0-20250501163057-c96c3ae5279b h1:bbUVS4OM+khSssr5Z2aL++2/THM+EglVEQhNP7LGdHY=
github.com/YngviWarrior/bybit-sdk v0.0.0-20250501163057-c96c3ae5279b/go.mod h1:JOGOKhxctVjr1SE/3Pn+kXcXrEqbddkf3an7PYWw49s=
github.com/YngviWarrior/bybit-sdk v0.0.0-20250502042946-d5348d308bbe h1:ljW3WelJBfoG0tHc5XSo2ArwxlIeF6icKrfBZvgKzPU=
github.com/YngviWarrior/bybit-sdk v0.0.0-20250502042946-d5348d308bbe/go.mod h1:JOGOKhxctVjr1SE/3Pn+kXcXrEqbddkf3an7PYWw49s=
github.com/YngviWarrior/bybit-sdk v0.0.0-20250502144900-071bd8d24840 h1:CY7t7H21ztLwwZvAp21xUwgcfaj9JYLTXLNKwMN49dM=
github.com/YngviWarrior/bybit-sdk v0.0.0-20250502144900-071bd8d24840/go.mod h1:JOGOKhxctVjr1SE/3Pn+kXcXrEqbddkf3an7PYWw49s=
github.com/YngviWarrior/bybit-sdk v0.0.0-20250514180502-a5270846c0ea h1:ggvTVACNLCVXDy3IIOL2LKnGrXe0COMVA4FehfOUZCI=
github.com/YngviWarrior/bybit-sdk v0.0.0-20250514180502-a5270846c0ea/go.mod h1:JOGOKhxctVjr1SE/3Pn+kXcXrEqbddkf3an7PYWw49s=
github.com/YngviWarrior/bybit-sdk v0.0.0-20250514181020-81c524f18802 h1:o1SOV2Sl3yj+auSJk031WmqIiJCT+teXAocssat9/2I=
github.com/YngviWarrior/bybit-sdk v0.0.0-20250514181020-81c524f18802/go.mod h1:JOGOKhxctVjr1SE/3Pn+kXcXrEqbddkf3an7PYWw49s=
github.com/YngviWarrior/bybit-sdk v0.0.0-20250514191430-d3f4af0fa0fb h1:qxaD3FU+riuJM6z4TzsPSVNDB5VH0U14xyuw2zrdsU0=
github.com/YngviWarrior/bybit-sdk v0.0.0-20250514191430-d3f4af0fa0fb/go.mod h1:JOGOKhxctVjr1SE/3Pn+kXcXrEqbddkf3an7PYWw49s=
github.com/YngviWarrior/discord-webhook v0.0.0-20250125183153-f7befeb066ae h1:6wGwR7uumvKlxI2Gk5zB8A2KXjc9/SrFBmdfV1aCmqM=
github.com/YngviWarrior/discord-webhook v0.0.0-20250125183153-f7befeb066ae/go.mod h1:foSgFGemJ0HR4vxYzxst5YLJy5aKh9eaZEjRfP7xHNY=
github.com/go-logr/logr v1.4.2 h1:6pFjapn8bFcIbiKo3XT4j/BhANplGihG6tvd+8rYgrY=
github.com/go-logr/logr v1.4.2/go.mod h1:9T104GzyrTigFIr8wt5mBrctHMim0Nb2HLGrmQ40KvY=
github.com/go-logr/stdr v1.2.2 h1:hSWxHoqTgW2S2qGc0LTAI563KZ5YKYRhT3MFKZMbjag=
github.com/go-logr/stdr v1.2.2/go.mod h1:mMo/vtBO5dYbehREoey6XUKy/eSumjCCveDpRre4VKE=
github.com/golang/protobuf v1.5.4 h1:i7eJL8qZTpSEXOPTxNKhASYpMn+8e5Q6AdndVa1dWek=
github.com/golang/protobuf v1.5.4/go.mod h1:lnTiLA8Wa4RWRcIUkrtSVa5nRhsEGBg48fD6rSs7xps=
github.com/google/go-cmp v0.6.0 h1:ofyhxvXcZhMsU5ulbFiLKl/XBFqE1GSq7atu8tAmTRI=
github.com/google/go-cmp v0.6.0/go.mod h1:17dUlkBOakJ0+DkrSSNjCkIjxS6bF9zb3elmeNGIjoY=
github.com/google/uuid v1.6.0 h1:NIvaJDMOsjHA8n1jAhLSgzrAzy1Hgr+hNrb57e+94F0=
github.com/google/uuid v1.6.0/go.mod h1:TIyPZe4MgqvfeYDBFedMoGGpEw/LqOeaOT+nhxU+yHo=
github.com/gorilla/websocket v1.5.3 h1:saDtZ6Pbx/0u+bgYQ3q96pZgCzfhKXGPqt7kZ72aNNg=
github.com/gorilla/websocket v1.5.3/go.mod h1:YR8l580nyteQvAITg2hZ9XVh4b55+EU/adAjf1fMHhE=
github.com/joho/godotenv v1.5.1 h1:7eLL/+HRGLY0ldzfGMeQkb7vMd0as4CfYvUVzLqw0N0=
github.com/joho/godotenv v1.5.1/go.mod h1:f4LDr5Voq0i2e/R5DDNOoa2zzDfwtkZa6DnEwAbqwq4=
github.com/rabbitmq/amqp091-go v1.10.0 h1:STpn5XsHlHGcecLmMFCtg7mqq0RnD+zFr4uzukfVhBw=
github.com/rabbitmq/amqp091-go v1.10.0/go.mod h1:Hy4jKW5kQART1u+JkDTF9YYOQUHXqMuhrgxOEeS7G4o=
go.opentelemetry.io/auto/sdk v1.1.0 h1:cH53jehLUN6UFLY71z+NDOiNJqDdPRaXzTel0sJySYA=
go.opentelemetry.io/auto/sdk v1.1.0/go.mod h1:3wSPjt5PWp2RhlCcmmOial7AvC4DQqZb7a7wCow3W8A=
go.opentelemetry.io/otel v1.34.0 h1:zRLXxLCgL1WyKsPVrgbSdMN4c0FMkDAskSTQP+0hdUY=
go.opentelemetry.io/otel v1.34.0/go.mod h1:OWFPOQ+h4G8xpyjgqo4SxJYdDQ/qmRH+wivy7zzx9oI=
go.opentelemetry.io/otel/metric v1.34.0 h1:+eTR3U0MyfWjRDhmFMxe2SsW64QrZ84AOhvqS7Y+PoQ=
go.opentelemetry.io/otel/metric v1.34.0/go.mod h1:CEDrp0fy2D0MvkXE+dPV7cMi8tWZwX3dmaIhwPOaqHE=
go.opentelemetry.io/otel/sdk v1.34.0 h1:95zS4k/2GOy069d321O8jWgYsW3MzVV+KuSPKp7Wr1A=
go.opentelemetry.io/otel/sdk v1.34.0/go.mod h1:0e/pNiaMAqaykJGKbi+tSjWfNNHMTxoC9qANsCzbyxU=
go.opentelemetry.io/otel/sdk/metric v1.34.0 h1:5CeK9ujjbFVL5c1PhLuStg1wxA7vQv7ce1EK0Gyvahk=
go.opentelemetry.io/otel/sdk/metric v1.34.0/go.mod h1:jQ/r8Ze28zRKoNRdkjCZxfs6YvBTG1+YIqyFVFYec5w=
go.opentelemetry.io/otel/trace v1.34.0 h1:+ouXS2V8Rd4hp4580a8q23bg0azF2nI8cqLYnC8mh/k=
go.opentelemetry.io/otel/trace v1.34.0/go.mod h1:Svm7lSjQD7kG7KJ/MUHPVXSDGz2OX4h0M2jHBhmSfRE=
go.uber.org/goleak v1.3.0 h1:2K3zAYmnTNqV73imy9J1T3WC+gmCePx2hEGkimedGto=
go.uber.org/goleak v1.3.0/go.mod h1:CoHD4mav9JJNrW/WLlf7HGZPjdw8EucARQHekz1X6bE=
golang.org/x/net v0.39.0 h1:ZCu7HMWDxpXpaiKdhzIfaltL9Lp31x/3fCP11bc6/fY=
golang.org/x/net v0.39.0/go.mod h1:X7NRbYVEA+ewNkCNyJ513WmMdQ3BineSwVtN2zD/d+E=
golang.org/x/net v0.40.0 h1:79Xs7wF06Gbdcg4kdCCIQArK11Z1hr5POQ6+fIYHNuY=
golang.org/x/net v0.40.0/go.mod h1:y0hY0exeL2Pku80/zKK7tpntoX23cqL3Oa6njdgRtds=
golang.org/x/sys v0.32.0 h1:s77OFDvIQeibCmezSnk/q6iAfkdiQaJi4VzroCFrN20=
golang.org/x/sys v0.32.0/go.mod h1:BJP2sWEmIv4KK5OTEluFJCKSidICx8ciO85XgH3Ak8k=
golang.org/x/sys v0.33.0 h1:q3i8TbbEz+JRD9ywIRlyRAQbM0qF7hu24q3teo2hbuw=
golang.org/x/sys v0.33.0/go.mod h1:BJP2sWEmIv4KK5OTEluFJCKSidICx8ciO85XgH3Ak8k=
golang.org/x/text v0.24.0 h1:dd5Bzh4yt5KYA8f9CJHCP4FB4D51c2c6JvN37xJJkJ0=
golang.org/x/text v0.24.0/go.mod h1:L8rBsPeo2pSS+xqN0d5u2ikmjtmoJbDBT1b7nHvFCdU=
golang.org/x/text v0.25.0 h1:qVyWApTSYLk/drJRO5mDlNYskwQznZmkpV2c8q9zls4=
golang.org/x/text v0.25.0/go.mod h1:WEdwpYrmk1qmdHvhkSTNPm3app7v4rsT8F2UD6+VHIA=
google.golang.org/genproto/googleapis/rpc v0.0.0-20250425173222-7b384671a197 h1:29cjnHVylHwTzH66WfFZqgSQgnxzvWE+jvBwpZCLRxY=
google.golang.org/genproto/googleapis/rpc v0.0.0-20250425173222-7b384671a197/go.mod h1:qQ0YXyHHx3XkvlzUtpXDkS29lDSafHMZBAZDc03LQ3A=
google.golang.org/genproto/googleapis/rpc v0.0.0-20250428153025-10db94c68c34 h1:h6p3mQqrmT1XkHVTfzLdNz1u7IhINeZkz67/xTbOuWs=
google.golang.org/genproto/googleapis/rpc v0.0.0-20250428153025-10db94c68c34/go.mod h1:qQ0YXyHHx3XkvlzUtpXDkS29lDSafHMZBAZDc03LQ3A=
google.golang.org/genproto/googleapis/rpc v0.0.0-20250512202823-5a2f75b736a9 h1:IkAfh6J/yllPtpYFU0zZN1hUPYdT0ogkBT/9hMxHjvg=
google.golang.org/genproto/googleapis/rpc v0.0.0-20250512202823-5a2f75b736a9/go.mod h1:qQ0YXyHHx3XkvlzUtpXDkS29lDSafHMZBAZDc03LQ3A=
google.golang.org/grpc v1.72.0 h1:S7UkcVa60b5AAQTaO6ZKamFp1zMZSU0fGDK2WZLbBnM=
google.golang.org/grpc v1.72.0/go.mod h1:wH5Aktxcg25y1I3w7H69nHfXdOG3UiadoBtjh3izSDM=
google.golang.org/grpc v1.72.1 h1:HR03wO6eyZ7lknl75XlxABNVLLFc2PAb6mHlYh756mA=
google.golang.org/grpc v1.72.1/go.mod h1:wH5Aktxcg25y1I3w7H69nHfXdOG3UiadoBtjh3izSDM=
google.golang.org/protobuf v1.36.6 h1:z1NpPI8ku2WgiWnf+t9wTPsn6eP1L7ksHUlkfLvd9xY=
google.golang.org/protobuf v1.36.6/go.mod h1:jduwjTPXsFjZGTmRluh+L6NjiWu7pchiJ2/5YcXBHnY=
